
Microsoft Visual Studio Solution File, Format Version 12.00
# Visual Studio Version 17
VisualStudioVersion = 17.3.32819.101
MinimumVisualStudioVersion = 10.0.40219.1
Project("{9A19103F-16F7-4668-BE54-9A1E7A4F7556}") = "Customers.WebApi", "Customers.WebApi\Customers.WebApi.csproj", "{415A2CE7-2DD5-437B-930A-57AB01CABFF3}"
EndProject
Global
	GlobalSection(SolutionConfigurationPlatforms) = preSolution
		Debug|Any CPU = Debug|Any CPU
		Release|Any CPU = Release|Any CPU
	EndGlobalSection
	GlobalSection(ProjectConfigurationPlatforms) = postSolution
		{415A2CE7-2DD5-437B-930A-57AB01CABFF3}.Debug|Any CPU.ActiveCfg = Debug|Any CPU
		{415A2CE7-2DD5-437B-930A-57AB01CABFF3}.Debug|Any CPU.Build.0 = Debug|Any CPU
		{415A2CE7-2DD5-437B-930A-57AB01CABFF3}.Release|Any CPU.ActiveCfg = Release|Any CPU
		{415A2CE7-2DD5-437B-930A-57AB01CABFF3}.Release|Any CPU.Build.0 = Release|Any CPU
	EndGlobalSection
	GlobalSection(SolutionProperties) = preSolution
		HideSolutionNode = FALSE
	EndGlobalSection
	GlobalSection(ExtensibilityGlobals) = postSolution
		SolutionGuid = {324DC7AD-2F1E-499A-8707-6C5BF155422D}
	EndGlobalSection
EndGlobal
